
Microsoft Visual Studio Solution File, Format Version 12.00
# Visual Studio Version 16
VisualStudioVersion = 16.0.35026.282
MinimumVisualStudioVersion = 10.0.40219.1
Project("{888888A0-9F3D-457C-B088-3A5042F75D52}") = "Actividad9_PA", "Actividad9_PA\Actividad9_PA.pyproj", "{5B0F621E-B47C-4B54-B322-DCC68F5A7743}"
EndProject
Global
	GlobalSection(SolutionConfigurationPlatforms) = preSolution
		Debug|Any CPU = Debug|Any CPU
		Release|Any CPU = Release|Any CPU
	EndGlobalSection
	GlobalSection(ProjectConfigurationPlatforms) = postSolution
		{5B0F621E-B47C-4B54-B322-DCC68F5A7743}.Debug|Any CPU.ActiveCfg = Debug|Any CPU
		{5B0F621E-B47C-4B54-B322-DCC68F5A7743}.Release|Any CPU.ActiveCfg = Release|Any CPU
	EndGlobalSection
	GlobalSection(SolutionProperties) = preSolution
		HideSolutionNode = FALSE
	EndGlobalSection
	GlobalSection(ExtensibilityGlobals) = postSolution
		SolutionGuid = {BF858DCC-316B-4E21-97D3-AB26071C3FD9}
	EndGlobalSection
EndGlobal
